
Microsoft Visual Studio Solution File, Format Version 12.00
# Visual Studio Version 17
VisualStudioVersion = 17.0.31903.59
MinimumVisualStudioVersion = 10.0.40219.1
Project("{FAE04EC0-301F-11D3-BF4B-00C04F79EFBC}") = "Factory", "Factory\Factory.csproj", "{8648C174-7310-43E0-9038-5DCC7B7532D3}"
EndProject
Project("{FAE04EC0-301F-11D3-BF4B-00C04F79EFBC}") = "Strategy", "Strategy\Strategy.csproj", "{0FF5DA9B-A702-4EDF-AC39-D891FAB130F8}"
EndProject
Global
	GlobalSection(SolutionConfigurationPlatforms) = preSolution
		Debug|Any CPU = Debug|Any CPU
		Release|Any CPU = Release|Any CPU
	EndGlobalSection
	GlobalSection(SolutionProperties) = preSolution
		HideSolutionNode = FALSE
	EndGlobalSection
	GlobalSection(ProjectConfigurationPlatforms) = postSolution
		{8648C174-7310-43E0-9038-5DCC7B7532D3}.Debug|Any CPU.ActiveCfg = Debug|Any CPU
		{8648C174-7310-43E0-9038-5DCC7B7532D3}.Debug|Any CPU.Build.0 = Debug|Any CPU
		{8648C174-7310-43E0-9038-5DCC7B7532D3}.Release|Any CPU.ActiveCfg = Release|Any CPU
		{8648C174-7310-43E0-9038-5DCC7B7532D3}.Release|Any CPU.Build.0 = Release|Any CPU
		{0FF5DA9B-A702-4EDF-AC39-D891FAB130F8}.Debug|Any CPU.ActiveCfg = Debug|Any CPU
		{0FF5DA9B-A702-4EDF-AC39-D891FAB130F8}.Debug|Any CPU.Build.0 = Debug|Any CPU
		{0FF5DA9B-A702-4EDF-AC39-D891FAB130F8}.Release|Any CPU.ActiveCfg = Release|Any CPU
		{0FF5DA9B-A702-4EDF-AC39-D891FAB130F8}.Release|Any CPU.Build.0 = Release|Any CPU
	EndGlobalSection
EndGlobal
