
Microsoft Visual Studio Solution File, Format Version 12.00
# Visual Studio Version 17
VisualStudioVersion = 17.0.31903.59
MinimumVisualStudioVersion = 10.0.40219.1
Project("{FAE04EC0-301F-11D3-BF4B-00C04F79EFBC}") = "Factory", "Factory\Factory.csproj", "{8648C174-7310-43E0-9038-5DCC7B7532D3}"
EndProject
Project("{FAE04EC0-301F-11D3-BF4B-00C04F79EFBC}") = "Strategy", "Strategy\Strategy.csproj", "{0FF5DA9B-A702-4EDF-AC39-D891FAB130F8}"
EndProject
Project("{FAE04EC0-301F-11D3-BF4B-00C04F79EFBC}") = "Observer", "Observer\Observer.csproj", "{C1C9CEAA-9E97-465F-99FC-42AF2E9B956F}"
EndProject
Project("{FAE04EC0-301F-11D3-BF4B-00C04F79EFBC}") = "ObserverDelegate", "ObserverDelegate\ObserverDelegate.csproj", "{1511171A-754F-4997-87D8-08DCD2E54BCF}"
EndProject
Project("{FAE04EC0-301F-11D3-BF4B-00C04F79EFBC}") = "Singleton", "Singleton\Singleton.csproj", "{74A80247-5200-4CCE-9FE6-F91FEF7C8E86}"
EndProject
Global
	GlobalSection(SolutionConfigurationPlatforms) = preSolution
		Debug|Any CPU = Debug|Any CPU
		Release|Any CPU = Release|Any CPU
	EndGlobalSection
	GlobalSection(SolutionProperties) = preSolution
		HideSolutionNode = FALSE
	EndGlobalSection
	GlobalSection(ProjectConfigurationPlatforms) = postSolution
		{8648C174-7310-43E0-9038-5DCC7B7532D3}.Debug|Any CPU.ActiveCfg = Debug|Any CPU
		{8648C174-7310-43E0-9038-5DCC7B7532D3}.Debug|Any CPU.Build.0 = Debug|Any CPU
		{8648C174-7310-43E0-9038-5DCC7B7532D3}.Release|Any CPU.ActiveCfg = Release|Any CPU
		{8648C174-7310-43E0-9038-5DCC7B7532D3}.Release|Any CPU.Build.0 = Release|Any CPU
		{0FF5DA9B-A702-4EDF-AC39-D891FAB130F8}.Debug|Any CPU.ActiveCfg = Debug|Any CPU
		{0FF5DA9B-A702-4EDF-AC39-D891FAB130F8}.Debug|Any CPU.Build.0 = Debug|Any CPU
		{0FF5DA9B-A702-4EDF-AC39-D891FAB130F8}.Release|Any CPU.ActiveCfg = Release|Any CPU
		{0FF5DA9B-A702-4EDF-AC39-D891FAB130F8}.Release|Any CPU.Build.0 = Release|Any CPU
		{C1C9CEAA-9E97-465F-99FC-42AF2E9B956F}.Debug|Any CPU.ActiveCfg = Debug|Any CPU
		{C1C9CEAA-9E97-465F-99FC-42AF2E9B956F}.Debug|Any CPU.Build.0 = Debug|Any CPU
		{C1C9CEAA-9E97-465F-99FC-42AF2E9B956F}.Release|Any CPU.ActiveCfg = Release|Any CPU
		{C1C9CEAA-9E97-465F-99FC-42AF2E9B956F}.Release|Any CPU.Build.0 = Release|Any CPU
		{1511171A-754F-4997-87D8-08DCD2E54BCF}.Debug|Any CPU.ActiveCfg = Debug|Any CPU
		{1511171A-754F-4997-87D8-08DCD2E54BCF}.Debug|Any CPU.Build.0 = Debug|Any CPU
		{1511171A-754F-4997-87D8-08DCD2E54BCF}.Release|Any CPU.ActiveCfg = Release|Any CPU
		{1511171A-754F-4997-87D8-08DCD2E54BCF}.Release|Any CPU.Build.0 = Release|Any CPU
		{74A80247-5200-4CCE-9FE6-F91FEF7C8E86}.Debug|Any CPU.ActiveCfg = Debug|Any CPU
		{74A80247-5200-4CCE-9FE6-F91FEF7C8E86}.Debug|Any CPU.Build.0 = Debug|Any CPU
		{74A80247-5200-4CCE-9FE6-F91FEF7C8E86}.Release|Any CPU.ActiveCfg = Release|Any CPU
		{74A80247-5200-4CCE-9FE6-F91FEF7C8E86}.Release|Any CPU.Build.0 = Release|Any CPU
	EndGlobalSection
EndGlobal
